
Microsoft Visual Studio Solution File, Format Version 12.00
# Visual Studio 15
VisualStudioVersion = 15.0.27130.2020
MinimumVisualStudioVersion = 10.0.40219.1
Project("{8BC9CEB8-8B4A-11D0-8D11-00A0C91BC942}") = "APBoxNBricks591", "APBoxNBricks591\APBoxNBricks591.vcxproj", "{FC04F9EF-14B0-481F-8555-21C6A6E8ED6F}"
EndProject
Global
	GlobalSection(SolutionConfigurationPlatforms) = preSolution
		Debug|x64 = Debug|x64
		Debug|x86 = Debug|x86
		Release|x64 = Release|x64
		Release|x86 = Release|x86
	EndGlobalSection
	GlobalSection(ProjectConfigurationPlatforms) = postSolution
		{FC04F9EF-14B0-481F-8555-21C6A6E8ED6F}.Debug|x64.ActiveCfg = Debug|x64
		{FC04F9EF-14B0-481F-8555-21C6A6E8ED6F}.Debug|x64.Build.0 = Debug|x64
		{FC04F9EF-14B0-481F-8555-21C6A6E8ED6F}.Debug|x86.ActiveCfg = Debug|Win32
		{FC04F9EF-14B0-481F-8555-21C6A6E8ED6F}.Debug|x86.Build.0 = Debug|Win32
		{FC04F9EF-14B0-481F-8555-21C6A6E8ED6F}.Release|x64.ActiveCfg = Release|x64
		{FC04F9EF-14B0-481F-8555-21C6A6E8ED6F}.Release|x64.Build.0 = Release|x64
		{FC04F9EF-14B0-481F-8555-21C6A6E8ED6F}.Release|x86.ActiveCfg = Release|Win32
		{FC04F9EF-14B0-481F-8555-21C6A6E8ED6F}.Release|x86.Build.0 = Release|Win32
	EndGlobalSection
	GlobalSection(SolutionProperties) = preSolution
		HideSolutionNode = FALSE
	EndGlobalSection
	GlobalSection(ExtensibilityGlobals) = postSolution
		SolutionGuid = {3ADCA5CB-18F2-40AB-986A-1DED69143631}
	EndGlobalSection
EndGlobal
